
Microsoft Visual Studio Solution File, Format Version 12.00
# Visual Studio Version 17
VisualStudioVersion = 17.0.31912.275
MinimumVisualStudioVersion = 10.0.40219.1
Project("{FAE04EC0-301F-11D3-BF4B-00C04F79EFBC}") = "Assignment", "Assignment\Assignment.csproj", "{C99C4ED4-D532-4B3F-8C85-B8EB237D5154}"
EndProject
Global
	GlobalSection(SolutionConfigurationPlatforms) = preSolution
		Debug|Any CPU = Debug|Any CPU
		Release|Any CPU = Release|Any CPU
	EndGlobalSection
	GlobalSection(ProjectConfigurationPlatforms) = postSolution
		{C99C4ED4-D532-4B3F-8C85-B8EB237D5154}.Debug|Any CPU.ActiveCfg = Debug|Any CPU
		{C99C4ED4-D532-4B3F-8C85-B8EB237D5154}.Debug|Any CPU.Build.0 = Debug|Any CPU
		{C99C4ED4-D532-4B3F-8C85-B8EB237D5154}.Release|Any CPU.ActiveCfg = Release|Any CPU
		{C99C4ED4-D532-4B3F-8C85-B8EB237D5154}.Release|Any CPU.Build.0 = Release|Any CPU
	EndGlobalSection
	GlobalSection(SolutionProperties) = preSolution
		HideSolutionNode = FALSE
	EndGlobalSection
	GlobalSection(ExtensibilityGlobals) = postSolution
		SolutionGuid = {35201387-1CFD-4AAB-9B95-47B5306FAEFF}
	EndGlobalSection
EndGlobal
